Microsoft Visual Studio Solution File, Format Version 12.00
# Visual Studio Version 17
VisualStudioVersion = 17.5.2.0
MinimumVisualStudioVersion = 10.0.40219.1
Project("{FAE04EC0-301F-11D3-BF4B-00C04F79EFBC}") = "rtc-backend", "rtc-backend.csproj", "{8AF8333A-A820-5E72-E2F4-29718142474D}"
EndProject
Global
	GlobalSection(SolutionConfigurationPlatforms) = preSolution
		Debug|Any CPU = Debug|Any CPU
		Release|Any CPU = Release|Any CPU
	EndGlobalSection
	GlobalSection(ProjectConfigurationPlatforms) = postSolution
		{8AF8333A-A820-5E72-E2F4-29718142474D}.Debug|Any CPU.ActiveCfg = Debug|Any CPU
		{8AF8333A-A820-5E72-E2F4-29718142474D}.Debug|Any CPU.Build.0 = Debug|Any CPU
		{8AF8333A-A820-5E72-E2F4-29718142474D}.Release|Any CPU.ActiveCfg = Release|Any CPU
		{8AF8333A-A820-5E72-E2F4-29718142474D}.Release|Any CPU.Build.0 = Release|Any CPU
	EndGlobalSection
	GlobalSection(SolutionProperties) = preSolution
		HideSolutionNode = FALSE
	EndGlobalSection
	GlobalSection(ExtensibilityGlobals) = postSolution
		SolutionGuid = {7644A0BA-23EF-4720-9558-A6AD172FE0C6}
	EndGlobalSection
EndGlobal
